# This file is automatically @generated by Cargo.
# It is not intended for manual editing.
version = 4

[[package]]
name = "edgefit-analyze"
version = "0.3.0-alpha.1"
dependencies = [
 "edgefit-ir",
 "edgefit-target",
]

[[package]]
name = "edgefit-calibration"
version = "0.3.0-alpha.1"

[[package]]
name = "edgefit-cli"
version = "0.3.0-alpha.1"
dependencies = [
 "edgefit-calibration",
 "edgefit-core",
 "edgefit-diff",
 "edgefit-ir",
 "edgefit-optimize",
 "edgefit-report",
 "edgefit-target",
]

[[package]]
name = "edgefit-core"
version = "0.3.0-alpha.1"
dependencies = [
 "edgefit-analyze",
 "edgefit-calibration",
 "edgefit-ir",
 "edgefit-optimize",
 "edgefit-policy",
 "edgefit-report",
 "edgefit-target",
]

[[package]]
name = "edgefit-diff"
version = "0.3.0-alpha.1"
dependencies = [
 "edgefit-ir",
]

[[package]]
name = "edgefit-ir"
version = "0.3.0-alpha.1"

[[package]]
name = "edgefit-optimize"
version = "0.3.0-alpha.1"
dependencies = [
 "edgefit-ir",
 "edgefit-target",
]

[[package]]
name = "edgefit-policy"
version = "0.3.0-alpha.1"
dependencies = [
 "edgefit-analyze",
 "edgefit-ir",
 "edgefit-target",
]

[[package]]
name = "edgefit-report"
version = "0.3.0-alpha.1"
dependencies = [
 "edgefit-analyze",
 "edgefit-ir",
 "edgefit-policy",
 "edgefit-target",
]

[[package]]
name = "edgefit-target"
version = "0.3.0-alpha.1"
dependencies = [
 "edgefit-ir",
]
